
Microsoft Visual Studio Solution File, Format Version 10.00
# Visual Studio 2008
Project("{FAE04EC0-301F-11D3-BF4B-00C04F79EFBC}") = "AVRProjectIDE", "AVRProjectIDE\AVRProjectIDE.csproj", "{AB21876B-FE2C-48D4-A5F4-3EB344272950}"
	ProjectSection(ProjectDependencies) = postProject
		{020CC7CC-2A73-4CEB-AFFC-3E2D24E6E7BA} = {020CC7CC-2A73-4CEB-AFFC-3E2D24E6E7BA}
	EndProjectSection
EndProject
Project("{FAE04EC0-301F-11D3-BF4B-00C04F79EFBC}") = "AVRProjectIDEUpdater", "AVRProjectIDEUpdater\AVRProjectIDEUpdater.csproj", "{020CC7CC-2A73-4CEB-AFFC-3E2D24E6E7BA}"
EndProject
Project("{FAE04EC0-301F-11D3-BF4B-00C04F79EFBC}") = "GetInterruptVectorsFromHTML", "GetInterruptVectorsFromHTML\GetInterruptVectorsFromHTML.csproj", "{528438BB-1B4D-407B-8D60-28D601D32BBF}"
EndProject
Project("{54435603-DBB4-11D2-8724-00A0C9A8B90C}") = "AVRProjectIDESetup", "AVRProjectIDESetup\AVRProjectIDESetup.vdproj", "{88855182-CBCF-4944-817A-124516FE2ACF}"
EndProject
Project("{FAE04EC0-301F-11D3-BF4B-00C04F79EFBC}") = "SimulatorTest1", "SimulatorTest1\SimulatorTest1.csproj", "{9AC3518B-BFAA-40FF-986C-8A368C2724A2}"
EndProject
Global
	GlobalSection(SolutionConfigurationPlatforms) = preSolution
		Debug|Any CPU = Debug|Any CPU
		Release|Any CPU = Release|Any CPU
	EndGlobalSection
	GlobalSection(ProjectConfigurationPlatforms) = postSolution
		{AB21876B-FE2C-48D4-A5F4-3EB344272950}.Debug|Any CPU.ActiveCfg = Debug|Any CPU
		{AB21876B-FE2C-48D4-A5F4-3EB344272950}.Debug|Any CPU.Build.0 = Debug|Any CPU
		{AB21876B-FE2C-48D4-A5F4-3EB344272950}.Release|Any CPU.ActiveCfg = Release|Any CPU
		{AB21876B-FE2C-48D4-A5F4-3EB344272950}.Release|Any CPU.Build.0 = Release|Any CPU
		{020CC7CC-2A73-4CEB-AFFC-3E2D24E6E7BA}.Debug|Any CPU.ActiveCfg = Debug|Any CPU
		{020CC7CC-2A73-4CEB-AFFC-3E2D24E6E7BA}.Debug|Any CPU.Build.0 = Debug|Any CPU
		{020CC7CC-2A73-4CEB-AFFC-3E2D24E6E7BA}.Release|Any CPU.ActiveCfg = Release|Any CPU
		{020CC7CC-2A73-4CEB-AFFC-3E2D24E6E7BA}.Release|Any CPU.Build.0 = Release|Any CPU
		{528438BB-1B4D-407B-8D60-28D601D32BBF}.Debug|Any CPU.ActiveCfg = Debug|Any CPU
		{528438BB-1B4D-407B-8D60-28D601D32BBF}.Debug|Any CPU.Build.0 = Debug|Any CPU
		{528438BB-1B4D-407B-8D60-28D601D32BBF}.Release|Any CPU.ActiveCfg = Release|Any CPU
		{528438BB-1B4D-407B-8D60-28D601D32BBF}.Release|Any CPU.Build.0 = Release|Any CPU
		{88855182-CBCF-4944-817A-124516FE2ACF}.Debug|Any CPU.ActiveCfg = Debug
		{88855182-CBCF-4944-817A-124516FE2ACF}.Release|Any CPU.ActiveCfg = Release
		{9AC3518B-BFAA-40FF-986C-8A368C2724A2}.Debug|Any CPU.ActiveCfg = Debug|Any CPU
		{9AC3518B-BFAA-40FF-986C-8A368C2724A2}.Debug|Any CPU.Build.0 = Debug|Any CPU
		{9AC3518B-BFAA-40FF-986C-8A368C2724A2}.Release|Any CPU.ActiveCfg = Release|Any CPU
		{9AC3518B-BFAA-40FF-986C-8A368C2724A2}.Release|Any CPU.Build.0 = Release|Any CPU
	EndGlobalSection
	GlobalSection(SolutionProperties) = preSolution
		HideSolutionNode = FALSE
	EndGlobalSection
EndGlobal
